// !$*UTF8*$!
{
	archiveVersion = 1;
	classes = {
	};
	objectVersion = 50;
	objects = {

/* Begin PBXBuildFile section */
		C21D267D23BF918B0057CC17 /* Appeal.swift in Sources */ = {isa = PBXBuildFile; fileRef = C21D267C23BF918B0057CC17 /* Appeal.swift */; };
		C21D267F23BF9E990057CC17 /* ProfileView.swift in Sources */ = {isa = PBXBuildFile; fileRef = C21D267E23BF9E990057CC17 /* ProfileView.swift */; };
		C21D268123BFA72F0057CC17 /* MessageFooterView.swift in Sources */ = {isa = PBXBuildFile; fileRef = C21D268023BFA72F0057CC17 /* MessageFooterView.swift */; };
		C21E71DB23A6806C002BC191 /* Loader.swift in Sources */ = {isa = PBXBuildFile; fileRef = C21E71DA23A6806C002BC191 /* Loader.swift */; };
		C22C153C23C6075C00C5749D /* UIColor+TraitCollection.swift in Sources */ = {isa = PBXBuildFile; fileRef = C22C153B23C6075C00C5749D /* UIColor+TraitCollection.swift */; };
		C22D19C223B5291100378E21 /* BaseCollectionViewCell.swift in Sources */ = {isa = PBXBuildFile; fileRef = C22D19C123B5291100378E21 /* BaseCollectionViewCell.swift */; };
		C23018A823CC6C4500174752 /* CustomNavigationController.swift in Sources */ = {isa = PBXBuildFile; fileRef = C23018A723CC6C4500174752 /* CustomNavigationController.swift */; };
		C239B6DF23AD3340007F1949 /* Media.swift in Sources */ = {isa = PBXBuildFile; fileRef = C239B6DE23AD3340007F1949 /* Media.swift */; };
		C239B6E623AD5438007F1949 /* ImageCollectionViewCell.swift in Sources */ = {isa = PBXBuildFile; fileRef = C239B6E523AD5438007F1949 /* ImageCollectionViewCell.swift */; };
		C239B6E823AD54D5007F1949 /* ButtonCollectionViewCell.swift in Sources */ = {isa = PBXBuildFile; fileRef = C239B6E723AD54D5007F1949 /* ButtonCollectionViewCell.swift */; };
		C239B6EA23AD5DA2007F1949 /* URLs.swift in Sources */ = {isa = PBXBuildFile; fileRef = C239B6E923AD5DA2007F1949 /* URLs.swift */; };
		C23AAEB223C7426C00066676 /* Reachability.swift in Sources */ = {isa = PBXBuildFile; fileRef = C23AAEB123C7426C00066676 /* Reachability.swift */; };
		C23AAEB423C7516200066676 /* Vibration.swift in Sources */ = {isa = PBXBuildFile; fileRef = C23AAEB323C7516200066676 /* Vibration.swift */; };
		C23C1D5723B63824006D270B /* TitleHeaderView.swift in Sources */ = {isa = PBXBuildFile; fileRef = C23C1D5623B63824006D270B /* TitleHeaderView.swift */; };
		C23C1D5923B638E7006D270B /* BaseCollectionReusableView.swift in Sources */ = {isa = PBXBuildFile; fileRef = C23C1D5823B638E7006D270B /* BaseCollectionReusableView.swift */; };
		C242FB8D23BD0B1D00C3B16C /* ImagesTableViewCell.swift in Sources */ = {isa = PBXBuildFile; fileRef = C242FB8C23BD0B1D00C3B16C /* ImagesTableViewCell.swift */; };
		C242FB8F23BD203900C3B16C /* ButtonTableViewCell.swift in Sources */ = {isa = PBXBuildFile; fileRef = C242FB8E23BD203900C3B16C /* ButtonTableViewCell.swift */; };
		C246AC2023BB6D1200B1C7C0 /* NetworkManager.swift in Sources */ = {isa = PBXBuildFile; fileRef = C246AC1F23BB6D1200B1C7C0 /* NetworkManager.swift */; };
		C246AC2223BB825700B1C7C0 /* FormVC.swift in Sources */ = {isa = PBXBuildFile; fileRef = C246AC2123BB825700B1C7C0 /* FormVC.swift */; };
		C246AC2423BB82FA00B1C7C0 /* TextFieldCell.swift in Sources */ = {isa = PBXBuildFile; fileRef = C246AC2323BB82FA00B1C7C0 /* TextFieldCell.swift */; };
		C246AC2623BB974300B1C7C0 /* BaseGroupTableViewCell.swift in Sources */ = {isa = PBXBuildFile; fileRef = C246AC2523BB974300B1C7C0 /* BaseGroupTableViewCell.swift */; };
		C246AC2823BBDA4400B1C7C0 /* HeaderView.swift in Sources */ = {isa = PBXBuildFile; fileRef = C246AC2723BBDA4400B1C7C0 /* HeaderView.swift */; };
		C25823DE23CA42BA00F6C594 /* ClosedTableViewCell.swift in Sources */ = {isa = PBXBuildFile; fileRef = C25823DD23CA42BA00F6C594 /* ClosedTableViewCell.swift */; };
		C265B34023A80815000C72B5 /* UIImage+download.swift in Sources */ = {isa = PBXBuildFile; fileRef = C265B33F23A80815000C72B5 /* UIImage+download.swift */; };
		C26CB3FA23C3A67B0018A0E4 /* Data+String.swift in Sources */ = {isa = PBXBuildFile; fileRef = C26CB3F923C3A67B0018A0E4 /* Data+String.swift */; };
		C27228BE23C8484900D9077B /* ButtonFooterView.swift in Sources */ = {isa = PBXBuildFile; fileRef = C27228BD23C8484900D9077B /* ButtonFooterView.swift */; };
		C27228C123C84FEB00D9077B /* EditorVC.swift in Sources */ = {isa = PBXBuildFile; fileRef = C27228C023C84FEB00D9077B /* EditorVC.swift */; };
		C27F625D23A7C60C002D55EB /* RequestManager.swift in Sources */ = {isa = PBXBuildFile; fileRef = C27F625C23A7C60C002D55EB /* RequestManager.swift */; };
		C27F625F23A7CC82002D55EB /* RegistrationVC.swift in Sources */ = {isa = PBXBuildFile; fileRef = C27F625E23A7CC82002D55EB /* RegistrationVC.swift */; };
		C27F626123A7ED93002D55EB /* AuthorizationManager.swift in Sources */ = {isa = PBXBuildFile; fileRef = C27F626023A7ED93002D55EB /* AuthorizationManager.swift */; };
		C27F626323A8010E002D55EB /* CaptchaView.swift in Sources */ = {isa = PBXBuildFile; fileRef = C27F626223A8010E002D55EB /* CaptchaView.swift */; };
		C281DB7E23A93C7B00D2AC0D /* ImagePicker.swift in Sources */ = {isa = PBXBuildFile; fileRef = C281DB7D23A93C7B00D2AC0D /* ImagePicker.swift */; };
		C292910523BFBF050015DB5A /* DistrictData.swift in Sources */ = {isa = PBXBuildFile; fileRef = C292910423BFBF050015DB5A /* DistrictData.swift */; };
		C2963EEF239FAD590020A2DD /* AppDelegate.swift in Sources */ = {isa = PBXBuildFile; fileRef = C2963EEE239FAD590020A2DD /* AppDelegate.swift */; };
		C2963EF8239FAD5B0020A2DD /* Assets.xcassets in Resources */ = {isa = PBXBuildFile; fileRef = C2963EF7239FAD5B0020A2DD /* Assets.xcassets */; };
		C2963EFB239FAD5B0020A2DD /* LaunchScreen.storyboard in Resources */ = {isa = PBXBuildFile; fileRef = C2963EF9239FAD5B0020A2DD /* LaunchScreen.storyboard */; };
		C2974EE723C49E63007CD2BB /* WKWebView+Cookie.swift in Sources */ = {isa = PBXBuildFile; fileRef = C2974EE623C49E63007CD2BB /* WKWebView+Cookie.swift */; };
		C2974EE923C4A0FD007CD2BB /* Double+CalendarDate.swift in Sources */ = {isa = PBXBuildFile; fileRef = C2974EE823C4A0FD007CD2BB /* Double+CalendarDate.swift */; };
		C2974EEB23C4AB3A007CD2BB /* String+Attributed.swift in Sources */ = {isa = PBXBuildFile; fileRef = C2974EEA23C4AB3A007CD2BB /* String+Attributed.swift */; };
		C2AB640823A6652D007379DA /* InformationView.swift in Sources */ = {isa = PBXBuildFile; fileRef = C2AB640723A6652D007379DA /* InformationView.swift */; };
		C2AB640A23A6671F007379DA /* Strings.swift in Sources */ = {isa = PBXBuildFile; fileRef = C2AB640923A6671F007379DA /* Strings.swift */; };
		C2AB640C23A6694B007379DA /* InformationViewController.swift in Sources */ = {isa = PBXBuildFile; fileRef = C2AB640B23A6694B007379DA /* InformationViewController.swift */; };
		C2AFBF7023BF0AF300209F31 /* UIViewController+Alert.swift in Sources */ = {isa = PBXBuildFile; fileRef = C2AFBF6F23BF0AF300209F31 /* UIViewController+Alert.swift */; };
		C2AFBF7623BF1BF400209F31 /* HomeVC.swift in Sources */ = {isa = PBXBuildFile; fileRef = C2AFBF7523BF1BF400209F31 /* HomeVC.swift */; };
		C2AFBF7A23BF3F8E00209F31 /* RequestTableViewCell.swift in Sources */ = {isa = PBXBuildFile; fileRef = C2AFBF7923BF3F8E00209F31 /* RequestTableViewCell.swift */; };
		C2AFBF7C23BF41D100209F31 /* MessageView.swift in Sources */ = {isa = PBXBuildFile; fileRef = C2AFBF7B23BF41D100209F31 /* MessageView.swift */; };
		C2BCAD9623A5265E0008D492 /* Theme.swift in Sources */ = {isa = PBXBuildFile; fileRef = C2BCAD9523A5265E0008D492 /* Theme.swift */; };
		C2BCAD9A23A52FEB0008D492 /* Section.swift in Sources */ = {isa = PBXBuildFile; fileRef = C2BCAD9923A52FEB0008D492 /* Section.swift */; };
		C2BCAD9D23A5496E0008D492 /* Form.swift in Sources */ = {isa = PBXBuildFile; fileRef = C2BCAD9C23A5496E0008D492 /* Form.swift */; };
		C2D9BA0223C1A7370077DE46 /* SendFormView.swift in Sources */ = {isa = PBXBuildFile; fileRef = C2D9BA0123C1A7370077DE46 /* SendFormView.swift */; };
		C2DD38CC23C47254005B474D /* AppealManager.swift in Sources */ = {isa = PBXBuildFile; fileRef = C2DD38CB23C47254005B474D /* AppealManager.swift */; };
		C2E1571123A3A01000105763 /* BaseView.swift in Sources */ = {isa = PBXBuildFile; fileRef = C2E1571023A3A01000105763 /* BaseView.swift */; };
		C2E1571723A3A1E500105763 /* BaseTableVIewCell.swift in Sources */ = {isa = PBXBuildFile; fileRef = C2E1571623A3A1E500105763 /* BaseTableVIewCell.swift */; };
		C2E1572623A3AAC800105763 /* WebView.swift in Sources */ = {isa = PBXBuildFile; fileRef = C2E1572523A3AAC800105763 /* WebView.swift */; };
		C2E1572823A4C05700105763 /* Cell.swift in Sources */ = {isa = PBXBuildFile; fileRef = C2E1572723A4C05700105763 /* Cell.swift */; };
		C2E1572C23A4C27200105763 /* UserDefaultsManager.swift in Sources */ = {isa = PBXBuildFile; fileRef = C2E1572B23A4C27200105763 /* UserDefaultsManager.swift */; };
		C2E1572E23A4C81E00105763 /* Display.swift in Sources */ = {isa = PBXBuildFile; fileRef = C2E1572D23A4C81E00105763 /* Display.swift */; };
/* End PBXBuildFile section */

/* Begin PBXFileReference section */
		C21D267C23BF918B0057CC17 /* Appeal.swift */ = {isa = PBXFileReference; lastKnownFileType = sourcecode.swift; path = Appeal.swift; sourceTree = "<group>"; };
		C21D267E23BF9E990057CC17 /* ProfileView.swift */ = {isa = PBXFileReference; lastKnownFileType = sourcecode.swift; path = ProfileView.swift; sourceTree = "<group>"; };
		C21D268023BFA72F0057CC17 /* MessageFooterView.swift */ = {isa = PBXFileReference; lastKnownFileType = sourcecode.swift; path = MessageFooterView.swift; sourceTree = "<group>"; };
		C21E71DA23A6806C002BC191 /* Loader.swift */ = {isa = PBXFileReference; lastKnownFileType = sourcecode.swift; path = Loader.swift; sourceTree = "<group>"; };
		C22C153B23C6075C00C5749D /* UIColor+TraitCollection.swift */ = {isa = PBXFileReference; lastKnownFileType = sourcecode.swift; path = "UIColor+TraitCollection.swift"; sourceTree = "<group>"; };
		C22D19C123B5291100378E21 /* BaseCollectionViewCell.swift */ = {isa = PBXFileReference; lastKnownFileType = sourcecode.swift; path = BaseCollectionViewCell.swift; sourceTree = "<group>"; };
		C23018A723CC6C4500174752 /* CustomNavigationController.swift */ = {isa = PBXFileReference; lastKnownFileType = sourcecode.swift; path = CustomNavigationController.swift; sourceTree = "<group>"; };
		C239B6DE23AD3340007F1949 /* Media.swift */ = {isa = PBXFileReference; lastKnownFileType = sourcecode.swift; path = Media.swift; sourceTree = "<group>"; };
		C239B6E523AD5438007F1949 /* ImageCollectionViewCell.swift */ = {isa = PBXFileReference; lastKnownFileType = sourcecode.swift; path = ImageCollectionViewCell.swift; sourceTree = "<group>"; };
		C239B6E723AD54D5007F1949 /* ButtonCollectionViewCell.swift */ = {isa = PBXFileReference; lastKnownFileType = sourcecode.swift; path = ButtonCollectionViewCell.swift; sourceTree = "<group>"; };
		C239B6E923AD5DA2007F1949 /* URLs.swift */ = {isa = PBXFileReference; lastKnownFileType = sourcecode.swift; path = URLs.swift; sourceTree = "<group>"; };
		C23AAEB123C7426C00066676 /* Reachability.swift */ = {isa = PBXFileReference; lastKnownFileType = sourcecode.swift; path = Reachability.swift; sourceTree = "<group>"; };
		C23AAEB323C7516200066676 /* Vibration.swift */ = {isa = PBXFileReference; lastKnownFileType = sourcecode.swift; path = Vibration.swift; sourceTree = "<group>"; };
		C23C1D5623B63824006D270B /* TitleHeaderView.swift */ = {isa = PBXFileReference; lastKnownFileType = sourcecode.swift; path = TitleHeaderView.swift; sourceTree = "<group>"; };
		C23C1D5823B638E7006D270B /* BaseCollectionReusableView.swift */ = {isa = PBXFileReference; fileEncoding = 4; lastKnownFileType = sourcecode.swift; path = BaseCollectionReusableView.swift; sourceTree = "<group>"; };
		C242FB8C23BD0B1D00C3B16C /* ImagesTableViewCell.swift */ = {isa = PBXFileReference; lastKnownFileType = sourcecode.swift; path = ImagesTableViewCell.swift; sourceTree = "<group>"; };
		C242FB8E23BD203900C3B16C /* ButtonTableViewCell.swift */ = {isa = PBXFileReference; lastKnownFileType = sourcecode.swift; path = ButtonTableViewCell.swift; sourceTree = "<group>"; };
		C246AC1F23BB6D1200B1C7C0 /* NetworkManager.swift */ = {isa = PBXFileReference; lastKnownFileType = sourcecode.swift; path = NetworkManager.swift; sourceTree = "<group>"; };
		C246AC2123BB825700B1C7C0 /* FormVC.swift */ = {isa = PBXFileReference; lastKnownFileType = sourcecode.swift; path = FormVC.swift; sourceTree = "<group>"; };
		C246AC2323BB82FA00B1C7C0 /* TextFieldCell.swift */ = {isa = PBXFileReference; lastKnownFileType = sourcecode.swift; path = TextFieldCell.swift; sourceTree = "<group>"; };
		C246AC2523BB974300B1C7C0 /* BaseGroupTableViewCell.swift */ = {isa = PBXFileReference; lastKnownFileType = sourcecode.swift; path = BaseGroupTableViewCell.swift; sourceTree = "<group>"; };
		C246AC2723BBDA4400B1C7C0 /* HeaderView.swift */ = {isa = PBXFileReference; lastKnownFileType = sourcecode.swift; path = HeaderView.swift; sourceTree = "<group>"; };
		C25823DD23CA42BA00F6C594 /* ClosedTableViewCell.swift */ = {isa = PBXFileReference; lastKnownFileType = sourcecode.swift; path = ClosedTableViewCell.swift; sourceTree = "<group>"; };
		C265B33F23A80815000C72B5 /* UIImage+download.swift */ = {isa = PBXFileReference; lastKnownFileType = sourcecode.swift; path = "UIImage+download.swift"; sourceTree = "<group>"; };
		C26CB3F923C3A67B0018A0E4 /* Data+String.swift */ = {isa = PBXFileReference; lastKnownFileType = sourcecode.swift; path = "Data+String.swift"; sourceTree = "<group>"; };
		C27228BD23C8484900D9077B /* ButtonFooterView.swift */ = {isa = PBXFileReference; lastKnownFileType = sourcecode.swift; path = ButtonFooterView.swift; sourceTree = "<group>"; };
		C27228C023C84FEB00D9077B /* EditorVC.swift */ = {isa = PBXFileReference; lastKnownFileType = sourcecode.swift; path = EditorVC.swift; sourceTree = "<group>"; };
		C27F625C23A7C60C002D55EB /* RequestManager.swift */ = {isa = PBXFileReference; lastKnownFileType = sourcecode.swift; path = RequestManager.swift; sourceTree = "<group>"; };
		C27F625E23A7CC82002D55EB /* RegistrationVC.swift */ = {isa = PBXFileReference; lastKnownFileType = sourcecode.swift; path = RegistrationVC.swift; sourceTree = "<group>"; };
		C27F626023A7ED93002D55EB /* AuthorizationManager.swift */ = {isa = PBXFileReference; lastKnownFileType = sourcecode.swift; path = AuthorizationManager.swift; sourceTree = "<group>"; };
		C27F626223A8010E002D55EB /* CaptchaView.swift */ = {isa = PBXFileReference; lastKnownFileType = sourcecode.swift; path = CaptchaView.swift; sourceTree = "<group>"; };
		C281DB7D23A93C7B00D2AC0D /* ImagePicker.swift */ = {isa = PBXFileReference; lastKnownFileType = sourcecode.swift; path = ImagePicker.swift; sourceTree = "<group>"; };
		C292910423BFBF050015DB5A /* DistrictData.swift */ = {isa = PBXFileReference; lastKnownFileType = sourcecode.swift; path = DistrictData.swift; sourceTree = "<group>"; };
		C2963EEB239FAD590020A2DD /* StopPark.app */ = {isa = PBXFileReference; explicitFileType = wrapper.application; includeInIndex = 0; path = StopPark.app; sourceTree = BUILT_PRODUCTS_DIR; };
		C2963EEE239FAD590020A2DD /* AppDelegate.swift */ = {isa = PBXFileReference; lastKnownFileType = sourcecode.swift; path = AppDelegate.swift; sourceTree = "<group>"; };
		C2963EF7239FAD5B0020A2DD /* Assets.xcassets */ = {isa = PBXFileReference; lastKnownFileType = folder.assetcatalog; path = Assets.xcassets; sourceTree = "<group>"; };
		C2963EFA239FAD5B0020A2DD /* Base */ = {isa = PBXFileReference; lastKnownFileType = file.storyboard; name = Base; path = Base.lproj/LaunchScreen.storyboard; sourceTree = "<group>"; };
		C2963EFC239FAD5B0020A2DD /* Info.plist */ = {isa = PBXFileReference; lastKnownFileType = text.plist.xml; path = Info.plist; sourceTree = "<group>"; };
		C2974EE623C49E63007CD2BB /* WKWebView+Cookie.swift */ = {isa = PBXFileReference; lastKnownFileType = sourcecode.swift; path = "WKWebView+Cookie.swift"; sourceTree = "<group>"; };
		C2974EE823C4A0FD007CD2BB /* Double+CalendarDate.swift */ = {isa = PBXFileReference; lastKnownFileType = sourcecode.swift; path = "Double+CalendarDate.swift"; sourceTree = "<group>"; };
		C2974EEA23C4AB3A007CD2BB /* String+Attributed.swift */ = {isa = PBXFileReference; lastKnownFileType = sourcecode.swift; path = "String+Attributed.swift"; sourceTree = "<group>"; };
		C2AB640723A6652D007379DA /* InformationView.swift */ = {isa = PBXFileReference; lastKnownFileType = sourcecode.swift; path = InformationView.swift; sourceTree = "<group>"; };
		C2AB640923A6671F007379DA /* Strings.swift */ = {isa = PBXFileReference; lastKnownFileType = sourcecode.swift; path = Strings.swift; sourceTree = "<group>"; };
		C2AB640B23A6694B007379DA /* InformationViewController.swift */ = {isa = PBXFileReference; lastKnownFileType = sourcecode.swift; path = InformationViewController.swift; sourceTree = "<group>"; };
		C2AFBF6F23BF0AF300209F31 /* UIViewController+Alert.swift */ = {isa = PBXFileReference; fileEncoding = 4; lastKnownFileType = sourcecode.swift; path = "UIViewController+Alert.swift"; sourceTree = "<group>"; };
		C2AFBF7523BF1BF400209F31 /* HomeVC.swift */ = {isa = PBXFileReference; lastKnownFileType = sourcecode.swift; path = HomeVC.swift; sourceTree = "<group>"; };
		C2AFBF7923BF3F8E00209F31 /* RequestTableViewCell.swift */ = {isa = PBXFileReference; lastKnownFileType = sourcecode.swift; path = RequestTableViewCell.swift; sourceTree = "<group>"; };
		C2AFBF7B23BF41D100209F31 /* MessageView.swift */ = {isa = PBXFileReference; lastKnownFileType = sourcecode.swift; path = MessageView.swift; sourceTree = "<group>"; };
		C2BCAD9523A5265E0008D492 /* Theme.swift */ = {isa = PBXFileReference; lastKnownFileType = sourcecode.swift; path = Theme.swift; sourceTree = "<group>"; };
		C2BCAD9923A52FEB0008D492 /* Section.swift */ = {isa = PBXFileReference; lastKnownFileType = sourcecode.swift; path = Section.swift; sourceTree = "<group>"; };
		C2BCAD9C23A5496E0008D492 /* Form.swift */ = {isa = PBXFileReference; lastKnownFileType = sourcecode.swift; path = Form.swift; sourceTree = "<group>"; };
		C2D9BA0123C1A7370077DE46 /* SendFormView.swift */ = {isa = PBXFileReference; lastKnownFileType = sourcecode.swift; path = SendFormView.swift; sourceTree = "<group>"; };
		C2DD38CB23C47254005B474D /* AppealManager.swift */ = {isa = PBXFileReference; lastKnownFileType = sourcecode.swift; path = AppealManager.swift; sourceTree = "<group>"; };
		C2E1571023A3A01000105763 /* BaseView.swift */ = {isa = PBXFileReference; lastKnownFileType = sourcecode.swift; path = BaseView.swift; sourceTree = "<group>"; };
		C2E1571623A3A1E500105763 /* BaseTableVIewCell.swift */ = {isa = PBXFileReference; lastKnownFileType = sourcecode.swift; path = BaseTableVIewCell.swift; sourceTree = "<group>"; };
		C2E1572523A3AAC800105763 /* WebView.swift */ = {isa = PBXFileReference; lastKnownFileType = sourcecode.swift; path = WebView.swift; sourceTree = "<group>"; };
		C2E1572723A4C05700105763 /* Cell.swift */ = {isa = PBXFileReference; lastKnownFileType = sourcecode.swift; path = Cell.swift; sourceTree = "<group>"; };
		C2E1572B23A4C27200105763 /* UserDefaultsManager.swift */ = {isa = PBXFileReference; lastKnownFileType = sourcecode.swift; path = UserDefaultsManager.swift; sourceTree = "<group>"; };
		C2E1572D23A4C81E00105763 /* Display.swift */ = {isa = PBXFileReference; lastKnownFileType = sourcecode.swift; path = Display.swift; sourceTree = "<group>"; };
/* End PBXFileReference section */

/* Begin PBXFrameworksBuildPhase section */
		C2963EE8239FAD590020A2DD /* Frameworks */ = {
			isa = PBXFrameworksBuildPhase;
			buildActionMask = 2147483647;
			files = (
			);
			runOnlyForDeploymentPostprocessing = 0;
		};
/* End PBXFrameworksBuildPhase section */

/* Begin PBXGroup section */
		C21D268223BFB0100057CC17 /* Managers */ = {
			isa = PBXGroup;
			children = (
				C2E1572B23A4C27200105763 /* UserDefaultsManager.swift */,
				C2DD38CB23C47254005B474D /* AppealManager.swift */,
				C27F626023A7ED93002D55EB /* AuthorizationManager.swift */,
				C27F625C23A7C60C002D55EB /* RequestManager.swift */,
				C246AC1F23BB6D1200B1C7C0 /* NetworkManager.swift */,
				C23AAEB123C7426C00066676 /* Reachability.swift */,
				C23AAEB323C7516200066676 /* Vibration.swift */,
			);
			path = Managers;
			sourceTree = "<group>";
		};
		C27228BF23C8489B00D9077B /* Footers */ = {
			isa = PBXGroup;
			children = (
				C27228BD23C8484900D9077B /* ButtonFooterView.swift */,
				C21D268023BFA72F0057CC17 /* MessageFooterView.swift */,
			);
			path = Footers;
			sourceTree = "<group>";
		};
		C281DB7C23A8FCF600D2AC0D /* Extensions */ = {
			isa = PBXGroup;
			children = (
				C265B33F23A80815000C72B5 /* UIImage+download.swift */,
				C26CB3F923C3A67B0018A0E4 /* Data+String.swift */,
				C2974EEA23C4AB3A007CD2BB /* String+Attributed.swift */,
				C2AFBF6F23BF0AF300209F31 /* UIViewController+Alert.swift */,
				C22C153B23C6075C00C5749D /* UIColor+TraitCollection.swift */,
				C2974EE623C49E63007CD2BB /* WKWebView+Cookie.swift */,
				C2974EE823C4A0FD007CD2BB /* Double+CalendarDate.swift */,
			);
			path = Extensions;
			sourceTree = "<group>";
		};
		C2963EE2239FAD590020A2DD = {
			isa = PBXGroup;
			children = (
				C2963EED239FAD590020A2DD /* StopPark */,
				C2963EEC239FAD590020A2DD /* Products */,
			);
			sourceTree = "<group>";
		};
		C2963EEC239FAD590020A2DD /* Products */ = {
			isa = PBXGroup;
			children = (
				C2963EEB239FAD590020A2DD /* StopPark.app */,
			);
			name = Products;
			sourceTree = "<group>";
		};
		C2963EED239FAD590020A2DD /* StopPark */ = {
			isa = PBXGroup;
			children = (
				C2E1572423A3A70E00105763 /* Source */,
				C2E1571A23A3A66000105763 /* Resource */,
				C2963EFC239FAD5B0020A2DD /* Info.plist */,
			);
			path = StopPark;
			sourceTree = "<group>";
		};
		C2AB640623A6651B007379DA /* WebView */ = {
			isa = PBXGroup;
			children = (
				C2E1572523A3AAC800105763 /* WebView.swift */,
			);
			path = WebView;
			sourceTree = "<group>";
		};
		C2AFBF7123BF15FC00209F31 /* Headers */ = {
			isa = PBXGroup;
			children = (
				C246AC2723BBDA4400B1C7C0 /* HeaderView.swift */,
				C23C1D5623B63824006D270B /* TitleHeaderView.swift */,
			);
			path = Headers;
			sourceTree = "<group>";
		};
		C2AFBF7223BF161500209F31 /* TableViewCells */ = {
			isa = PBXGroup;
			children = (
				C246AC2323BB82FA00B1C7C0 /* TextFieldCell.swift */,
				C25823DD23CA42BA00F6C594 /* ClosedTableViewCell.swift */,
				C2AFBF7923BF3F8E00209F31 /* RequestTableViewCell.swift */,
				C242FB8E23BD203900C3B16C /* ButtonTableViewCell.swift */,
				C242FB8C23BD0B1D00C3B16C /* ImagesTableViewCell.swift */,
			);
			path = TableViewCells;
			sourceTree = "<group>";
		};
		C2AFBF7323BF163000209F31 /* CollectionViewCells */ = {
			isa = PBXGroup;
			children = (
				C239B6E523AD5438007F1949 /* ImageCollectionViewCell.swift */,
				C239B6E723AD54D5007F1949 /* ButtonCollectionViewCell.swift */,
			);
			name = CollectionViewCells;
			sourceTree = "<group>";
		};
		C2BCAD9B23A549190008D492 /* Model */ = {
			isa = PBXGroup;
			children = (
				C2E1572723A4C05700105763 /* Cell.swift */,
				C21D267C23BF918B0057CC17 /* Appeal.swift */,
				C2BCAD9923A52FEB0008D492 /* Section.swift */,
				C2BCAD9C23A5496E0008D492 /* Form.swift */,
				C292910423BFBF050015DB5A /* DistrictData.swift */,
			);
			path = Model;
			sourceTree = "<group>";
		};
		C2E1571A23A3A66000105763 /* Resource */ = {
			isa = PBXGroup;
			children = (
				C2BCAD9523A5265E0008D492 /* Theme.swift */,
				C239B6DE23AD3340007F1949 /* Media.swift */,
				C239B6E923AD5DA2007F1949 /* URLs.swift */,
				C2AB640923A6671F007379DA /* Strings.swift */,
				C2E1572D23A4C81E00105763 /* Display.swift */,
				C2963EF7239FAD5B0020A2DD /* Assets.xcassets */,
			);
			path = Resource;
			sourceTree = "<group>";
		};
		C2E1571B23A3A68100105763 /* Supporting FIles */ = {
			isa = PBXGroup;
			children = (
				C2963EEE239FAD590020A2DD /* AppDelegate.swift */,
				C2963EF9239FAD5B0020A2DD /* LaunchScreen.storyboard */,
			);
			path = "Supporting FIles";
			sourceTree = "<group>";
		};
		C2E1571C23A3A69C00105763 /* Base */ = {
			isa = PBXGroup;
			children = (
				C23C1D5823B638E7006D270B /* BaseCollectionReusableView.swift */,
				C2E1571623A3A1E500105763 /* BaseTableVIewCell.swift */,
				C246AC2523BB974300B1C7C0 /* BaseGroupTableViewCell.swift */,
				C22D19C123B5291100378E21 /* BaseCollectionViewCell.swift */,
			);
			path = Base;
			sourceTree = "<group>";
		};
		C2E1571D23A3A6A500105763 /* BaseView */ = {
			isa = PBXGroup;
			children = (
				C2E1571023A3A01000105763 /* BaseView.swift */,
			);
			path = BaseView;
			sourceTree = "<group>";
		};
		C2E1571E23A3A6AD00105763 /* Common */ = {
			isa = PBXGroup;
			children = (
				C21D268223BFB0100057CC17 /* Managers */,
				C281DB7D23A93C7B00D2AC0D /* ImagePicker.swift */,
				C21E71DA23A6806C002BC191 /* Loader.swift */,
				C281DB7C23A8FCF600D2AC0D /* Extensions */,
			);
			path = Common;
			sourceTree = "<group>";
		};
		C2E1572023A3A6D400105763 /* Cells */ = {
			isa = PBXGroup;
			children = (
				C2E1571C23A3A69C00105763 /* Base */,
				C27228BF23C8489B00D9077B /* Footers */,
				C2AFBF7123BF15FC00209F31 /* Headers */,
				C2AFBF7223BF161500209F31 /* TableViewCells */,
				C2AFBF7323BF163000209F31 /* CollectionViewCells */,
			);
			path = Cells;
			sourceTree = "<group>";
		};
		C2E1572123A3A6E100105763 /* ViewControllers */ = {
			isa = PBXGroup;
			children = (
				C2E1572323A3A6FB00105763 /* FormViewController */,
				C2AB640B23A6694B007379DA /* InformationViewController.swift */,
				C27F625E23A7CC82002D55EB /* RegistrationVC.swift */,
				C2AFBF7523BF1BF400209F31 /* HomeVC.swift */,
				C27228C023C84FEB00D9077B /* EditorVC.swift */,
				C23018A723CC6C4500174752 /* CustomNavigationController.swift */,
			);
			path = ViewControllers;
			sourceTree = "<group>";
		};
		C2E1572223A3A6F500105763 /* Views */ = {
			isa = PBXGroup;
			children = (
				C2E1571D23A3A6A500105763 /* BaseView */,
				C2E1572023A3A6D400105763 /* Cells */,
				C2AB640623A6651B007379DA /* WebView */,
				C2AB640723A6652D007379DA /* InformationView.swift */,
				C27F626223A8010E002D55EB /* CaptchaView.swift */,
				C2D9BA0123C1A7370077DE46 /* SendFormView.swift */,
				C2AFBF7B23BF41D100209F31 /* MessageView.swift */,
				C21D267E23BF9E990057CC17 /* ProfileView.swift */,
			);
			path = Views;
			sourceTree = "<group>";
		};
		C2E1572323A3A6FB00105763 /* FormViewController */ = {
			isa = PBXGroup;
			children = (
				C246AC2123BB825700B1C7C0 /* FormVC.swift */,
			);
			path = FormViewController;
			sourceTree = "<group>";
		};
		C2E1572423A3A70E00105763 /* Source */ = {
			isa = PBXGroup;
			children = (
				C2E1571B23A3A68100105763 /* Supporting FIles */,
				C2E1572123A3A6E100105763 /* ViewControllers */,
				C2E1572223A3A6F500105763 /* Views */,
				C2E1571E23A3A6AD00105763 /* Common */,
				C2BCAD9B23A549190008D492 /* Model */,
			);
			path = Source;
			sourceTree = "<group>";
		};
/* End PBXGroup section */

/* Begin PBXNativeTarget section */
		C2963EEA239FAD590020A2DD /* StopPark */ = {
			isa = PBXNativeTarget;
			buildConfigurationList = C2963EFF239FAD5B0020A2DD /* Build configuration list for PBXNativeTarget "StopPark" */;
			buildPhases = (
				C2963EE7239FAD590020A2DD /* Sources */,
				C2963EE8239FAD590020A2DD /* Frameworks */,
				C2963EE9239FAD590020A2DD /* Resources */,
			);
			buildRules = (
			);
			dependencies = (
			);
			name = StopPark;
			productName = StopPark;
			productReference = C2963EEB239FAD590020A2DD /* StopPark.app */;
			productType = "com.apple.product-type.application";
		};
/* End PBXNativeTarget section */

/* Begin PBXProject section */
		C2963EE3239FAD590020A2DD /* Project object */ = {
			isa = PBXProject;
			attributes = {
				LastSwiftUpdateCheck = 1120;
				LastUpgradeCheck = 1120;
				ORGANIZATIONNAME = tech.telegin;
				TargetAttributes = {
					C2963EEA239FAD590020A2DD = {
						CreatedOnToolsVersion = 11.2.1;
					};
				};
			};
			buildConfigurationList = C2963EE6239FAD590020A2DD /* Build configuration list for PBXProject "StopPark" */;
			compatibilityVersion = "Xcode 9.3";
			developmentRegion = en;
			hasScannedForEncodings = 0;
			knownRegions = (
				en,
				Base,
			);
			mainGroup = C2963EE2239FAD590020A2DD;
			productRefGroup = C2963EEC239FAD590020A2DD /* Products */;
			projectDirPath = "";
			projectRoot = "";
			targets = (
				C2963EEA239FAD590020A2DD /* StopPark */,
			);
		};
/* End PBXProject section */

/* Begin PBXResourcesBuildPhase section */
		C2963EE9239FAD590020A2DD /* Resources */ = {
			isa = PBXResourcesBuildPhase;
			buildActionMask = 2147483647;
			files = (
				C2963EFB239FAD5B0020A2DD /* LaunchScreen.storyboard in Resources */,
				C2963EF8239FAD5B0020A2DD /* Assets.xcassets in Resources */,
			);
			runOnlyForDeploymentPostprocessing = 0;
		};
/* End PBXResourcesBuildPhase section */

/* Begin PBXSourcesBuildPhase section */
		C2963EE7239FAD590020A2DD /* Sources */ = {
			isa = PBXSourcesBuildPhase;
			buildActionMask = 2147483647;
			files = (
				C246AC2023BB6D1200B1C7C0 /* NetworkManager.swift in Sources */,
				C2AB640823A6652D007379DA /* InformationView.swift in Sources */,
				C22C153C23C6075C00C5749D /* UIColor+TraitCollection.swift in Sources */,
				C2DD38CC23C47254005B474D /* AppealManager.swift in Sources */,
				C239B6E823AD54D5007F1949 /* ButtonCollectionViewCell.swift in Sources */,
				C25823DE23CA42BA00F6C594 /* ClosedTableViewCell.swift in Sources */,
				C27F626123A7ED93002D55EB /* AuthorizationManager.swift in Sources */,
				C23AAEB423C7516200066676 /* Vibration.swift in Sources */,
				C23C1D5723B63824006D270B /* TitleHeaderView.swift in Sources */,
				C239B6E623AD5438007F1949 /* ImageCollectionViewCell.swift in Sources */,
				C27F626323A8010E002D55EB /* CaptchaView.swift in Sources */,
				C246AC2423BB82FA00B1C7C0 /* TextFieldCell.swift in Sources */,
				C2AFBF7A23BF3F8E00209F31 /* RequestTableViewCell.swift in Sources */,
				C246AC2223BB825700B1C7C0 /* FormVC.swift in Sources */,
				C239B6DF23AD3340007F1949 /* Media.swift in Sources */,
				C2AB640A23A6671F007379DA /* Strings.swift in Sources */,
				C246AC2823BBDA4400B1C7C0 /* HeaderView.swift in Sources */,
				C27228C123C84FEB00D9077B /* EditorVC.swift in Sources */,
				C22D19C223B5291100378E21 /* BaseCollectionViewCell.swift in Sources */,
				C2E1572623A3AAC800105763 /* WebView.swift in Sources */,
				C2BCAD9D23A5496E0008D492 /* Form.swift in Sources */,
				C2AFBF7023BF0AF300209F31 /* UIViewController+Alert.swift in Sources */,
				C2D9BA0223C1A7370077DE46 /* SendFormView.swift in Sources */,
				C246AC2623BB974300B1C7C0 /* BaseGroupTableViewCell.swift in Sources */,
				C27F625D23A7C60C002D55EB /* RequestManager.swift in Sources */,
				C2BCAD9A23A52FEB0008D492 /* Section.swift in Sources */,
				C2BCAD9623A5265E0008D492 /* Theme.swift in Sources */,
				C21E71DB23A6806C002BC191 /* Loader.swift in Sources */,
				C2E1572C23A4C27200105763 /* UserDefaultsManager.swift in Sources */,
				C2E1571723A3A1E500105763 /* BaseTableVIewCell.swift in Sources */,
				C27F625F23A7CC82002D55EB /* RegistrationVC.swift in Sources */,
				C292910523BFBF050015DB5A /* DistrictData.swift in Sources */,
				C265B34023A80815000C72B5 /* UIImage+download.swift in Sources */,
				C2E1572823A4C05700105763 /* Cell.swift in Sources */,
				C23018A823CC6C4500174752 /* CustomNavigationController.swift in Sources */,
				C21D267D23BF918B0057CC17 /* Appeal.swift in Sources */,
				C23C1D5923B638E7006D270B /* BaseCollectionReusableView.swift in Sources */,
				C2974EEB23C4AB3A007CD2BB /* String+Attributed.swift in Sources */,
				C242FB8F23BD203900C3B16C /* ButtonTableViewCell.swift in Sources */,
				C2974EE923C4A0FD007CD2BB /* Double+CalendarDate.swift in Sources */,
				C2974EE723C49E63007CD2BB /* WKWebView+Cookie.swift in Sources */,
				C2AFBF7623BF1BF400209F31 /* HomeVC.swift in Sources */,
				C2AFBF7C23BF41D100209F31 /* MessageView.swift in Sources */,
				C21D268123BFA72F0057CC17 /* MessageFooterView.swift in Sources */,
				C21D267F23BF9E990057CC17 /* ProfileView.swift in Sources */,
				C26CB3FA23C3A67B0018A0E4 /* Data+String.swift in Sources */,
				C2963EEF239FAD590020A2DD /* AppDelegate.swift in Sources */,
				C239B6EA23AD5DA2007F1949 /* URLs.swift in Sources */,
				C2E1572E23A4C81E00105763 /* Display.swift in Sources */,
				C281DB7E23A93C7B00D2AC0D /* ImagePicker.swift in Sources */,
				C2E1571123A3A01000105763 /* BaseView.swift in Sources */,
				C2AB640C23A6694B007379DA /* InformationViewController.swift in Sources */,
				C23AAEB223C7426C00066676 /* Reachability.swift in Sources */,
				C242FB8D23BD0B1D00C3B16C /* ImagesTableViewCell.swift in Sources */,
				C27228BE23C8484900D9077B /* ButtonFooterView.swift in Sources */,
			);
			runOnlyForDeploymentPostprocessing = 0;
		};
/* End PBXSourcesBuildPhase section */

/* Begin PBXVariantGroup section */
		C2963EF9239FAD5B0020A2DD /* LaunchScreen.storyboard */ = {
			isa = PBXVariantGroup;
			children = (
				C2963EFA239FAD5B0020A2DD /* Base */,
			);
			name = LaunchScreen.storyboard;
			sourceTree = "<group>";
		};
/* End PBXVariantGroup section */

/* Begin XCBuildConfiguration section */
		C2963EFD239FAD5B0020A2DD /* Debug */ = {
			isa = XCBuildConfiguration;
			buildSettings = {
				ALWAYS_SEARCH_USER_PATHS = NO;
				CLANG_ANALYZER_NONNULL = YES;
				CLANG_ANALYZER_NUMBER_OBJECT_CONVERSION = YES_AGGRESSIVE;
				CLANG_CXX_LANGUAGE_STANDARD = "gnu++14";
				CLANG_CXX_LIBRARY = "libc++";
				CLANG_ENABLE_MODULES = YES;
				CLANG_ENABLE_OBJC_ARC = YES;
				CLANG_ENABLE_OBJC_WEAK = YES;
				CLANG_WARN_BLOCK_CAPTURE_AUTORELEASING = YES;
				CLANG_WARN_BOOL_CONVERSION = YES;
				CLANG_WARN_COMMA = YES;
				CLANG_WARN_CONSTANT_CONVERSION = YES;
				CLANG_WARN_DEPRECATED_OBJC_IMPLEMENTATIONS = YES;
				CLANG_WARN_DIRECT_OBJC_ISA_USAGE = YES_ERROR;
				CLANG_WARN_DOCUMENTATION_COMMENTS = YES;
				CLANG_WARN_EMPTY_BODY = YES;
				CLANG_WARN_ENUM_CONVERSION = YES;
				CLANG_WARN_INFINITE_RECURSION = YES;
				CLANG_WARN_INT_CONVERSION = YES;
				CLANG_WARN_NON_LITERAL_NULL_CONVERSION = YES;
				CLANG_WARN_OBJC_IMPLICIT_RETAIN_SELF = YES;
				CLANG_WARN_OBJC_LITERAL_CONVERSION = YES;
				CLANG_WARN_OBJC_ROOT_CLASS = YES_ERROR;
				CLANG_WARN_RANGE_LOOP_ANALYSIS = YES;
				CLANG_WARN_STRICT_PROTOTYPES = YES;
				CLANG_WARN_SUSPICIOUS_MOVE = YES;
				CLANG_WARN_UNGUARDED_AVAILABILITY = YES_AGGRESSIVE;
				CLANG_WARN_UNREACHABLE_CODE = YES;
				CLANG_WARN__DUPLICATE_METHOD_MATCH = YES;
				COPY_PHASE_STRIP = NO;
				DEBUG_INFORMATION_FORMAT = dwarf;
				ENABLE_STRICT_OBJC_MSGSEND = YES;
				ENABLE_TESTABILITY = YES;
				GCC_C_LANGUAGE_STANDARD = gnu11;
				GCC_DYNAMIC_NO_PIC = NO;
				GCC_NO_COMMON_BLOCKS = YES;
				GCC_OPTIMIZATION_LEVEL = 0;
				GCC_PREPROCESSOR_DEFINITIONS = (
					"DEBUG=1",
					"$(inherited)",
				);
				GCC_WARN_64_TO_32_BIT_CONVERSION = YES;
				GCC_WARN_ABOUT_RETURN_TYPE = YES_ERROR;
				GCC_WARN_UNDECLARED_SELECTOR = YES;
				GCC_WARN_UNINITIALIZED_AUTOS = YES_AGGRESSIVE;
				GCC_WARN_UNUSED_FUNCTION = YES;
				GCC_WARN_UNUSED_VARIABLE = YES;
				IPHONEOS_DEPLOYMENT_TARGET = 13.2;
				MTL_ENABLE_DEBUG_INFO = INCLUDE_SOURCE;
				MTL_FAST_MATH = YES;
				ONLY_ACTIVE_ARCH = YES;
				SDKROOT = iphoneos;
				SWIFT_ACTIVE_COMPILATION_CONDITIONS = DEBUG;
				SWIFT_OPTIMIZATION_LEVEL = "-Onone";
			};
			name = Debug;
		};
		C2963EFE239FAD5B0020A2DD /* Release */ = {
			isa = XCBuildConfiguration;
			buildSettings = {
				ALWAYS_SEARCH_USER_PATHS = NO;
				CLANG_ANALYZER_NONNULL = YES;
				CLANG_ANALYZER_NUMBER_OBJECT_CONVERSION = YES_AGGRESSIVE;
				CLANG_CXX_LANGUAGE_STANDARD = "gnu++14";
				CLANG_CXX_LIBRARY = "libc++";
				CLANG_ENABLE_MODULES = YES;
				CLANG_ENABLE_OBJC_ARC = YES;
				CLANG_ENABLE_OBJC_WEAK = YES;
				CLANG_WARN_BLOCK_CAPTURE_AUTORELEASING = YES;
				CLANG_WARN_BOOL_CONVERSION = YES;
				CLANG_WARN_COMMA = YES;
				CLANG_WARN_CONSTANT_CONVERSION = YES;
				CLANG_WARN_DEPRECATED_OBJC_IMPLEMENTATIONS = YES;
				CLANG_WARN_DIRECT_OBJC_ISA_USAGE = YES_ERROR;
				CLANG_WARN_DOCUMENTATION_COMMENTS = YES;
				CLANG_WARN_EMPTY_BODY = YES;
				CLANG_WARN_ENUM_CONVERSION = YES;
				CLANG_WARN_INFINITE_RECURSION = YES;
				CLANG_WARN_INT_CONVERSION = YES;
				CLANG_WARN_NON_LITERAL_NULL_CONVERSION = YES;
				CLANG_WARN_OBJC_IMPLICIT_RETAIN_SELF = YES;
				CLANG_WARN_OBJC_LITERAL_CONVERSION = YES;
				CLANG_WARN_OBJC_ROOT_CLASS = YES_ERROR;
				CLANG_WARN_RANGE_LOOP_ANALYSIS = YES;
				CLANG_WARN_STRICT_PROTOTYPES = YES;
				CLANG_WARN_SUSPICIOUS_MOVE = YES;
				CLANG_WARN_UNGUARDED_AVAILABILITY = YES_AGGRESSIVE;
				CLANG_WARN_UNREACHABLE_CODE = YES;
				CLANG_WARN__DUPLICATE_METHOD_MATCH = YES;
				COPY_PHASE_STRIP = NO;
				DEBUG_INFORMATION_FORMAT = "dwarf-with-dsym";
				ENABLE_NS_ASSERTIONS = NO;
				ENABLE_STRICT_OBJC_MSGSEND = YES;
				GCC_C_LANGUAGE_STANDARD = gnu11;
				GCC_NO_COMMON_BLOCKS = YES;
				GCC_WARN_64_TO_32_BIT_CONVERSION = YES;
				GCC_WARN_ABOUT_RETURN_TYPE = YES_ERROR;
				GCC_WARN_UNDECLARED_SELECTOR = YES;
				GCC_WARN_UNINITIALIZED_AUTOS = YES_AGGRESSIVE;
				GCC_WARN_UNUSED_FUNCTION = YES;
				GCC_WARN_UNUSED_VARIABLE = YES;
				IPHONEOS_DEPLOYMENT_TARGET = 13.2;
				MTL_ENABLE_DEBUG_INFO = NO;
				MTL_FAST_MATH = YES;
				SDKROOT = iphoneos;
				SWIFT_COMPILATION_MODE = wholemodule;
				SWIFT_OPTIMIZATION_LEVEL = "-O";
				VALIDATE_PRODUCT = YES;
			};
			name = Release;
		};
		C2963F00239FAD5B0020A2DD /* Debug */ = {
			isa = XCBuildConfiguration;
			buildSettings = {
				ASSETCATALOG_COMPILER_APPICON_NAME = AppIcon;
				CODE_SIGN_STYLE = Automatic;
				DEVELOPMENT_TEAM = 7UVUKQP8WG;
				INFOPLIST_FILE = StopPark/Info.plist;
				IPHONEOS_DEPLOYMENT_TARGET = 11.0;
				LD_RUNPATH_SEARCH_PATHS = (
					"$(inherited)",
					"@executable_path/Frameworks",
				);
				PRODUCT_BUNDLE_IDENTIFIER = tech.telegin.stoppark;
				PRODUCT_NAME = "$(TARGET_NAME)";
				SWIFT_VERSION = 5.0;
				TARGETED_DEVICE_FAMILY = "1,2";
			};
			name = Debug;
		};
		C2963F01239FAD5B0020A2DD /* Release */ = {
			isa = XCBuildConfiguration;
			buildSettings = {
				ASSETCATALOG_COMPILER_APPICON_NAME = AppIcon;
				CODE_SIGN_STYLE = Automatic;
				DEVELOPMENT_TEAM = 7UVUKQP8WG;
				INFOPLIST_FILE = StopPark/Info.plist;
				IPHONEOS_DEPLOYMENT_TARGET = 11.0;
				LD_RUNPATH_SEARCH_PATHS = (
					"$(inherited)",
					"@executable_path/Frameworks",
				);
				PRODUCT_BUNDLE_IDENTIFIER = tech.telegin.stoppark;
				PRODUCT_NAME = "$(TARGET_NAME)";
				SWIFT_VERSION = 5.0;
				TARGETED_DEVICE_FAMILY = "1,2";
			};
			name = Release;
		};
/* End XCBuildConfiguration section */

/* Begin XCConfigurationList section */
		C2963EE6239FAD590020A2DD /* Build configuration list for PBXProject "StopPark" */ = {
			isa = XCConfigurationList;
			buildConfigurations = (
				C2963EFD239FAD5B0020A2DD /* Debug */,
				C2963EFE239FAD5B0020A2DD /* Release */,
			);
			defaultConfigurationIsVisible = 0;
			defaultConfigurationName = Release;
		};
		C2963EFF239FAD5B0020A2DD /* Build configuration list for PBXNativeTarget "StopPark" */ = {
			isa = XCConfigurationList;
			buildConfigurations = (
				C2963F00239FAD5B0020A2DD /* Debug */,
				C2963F01239FAD5B0020A2DD /* Release */,
			);
			defaultConfigurationIsVisible = 0;
			defaultConfigurationName = Release;
		};
/* End XCConfigurationList section */
	};
	rootObject = C2963EE3239FAD590020A2DD /* Project object */;
}
